
Microsoft Visual Studio Solution File, Format Version 12.00
# Visual Studio Version 17
VisualStudioVersion = 17.4.33213.308
MinimumVisualStudioVersion = 10.0.40219.1
Project("{FAE04EC0-301F-11D3-BF4B-00C04F79EFBC}") = "PRUEBA_UPB.API", "PRUEBA_UPB.API.csproj", "{3003BF8D-0617-4AD8-B355-CD0FCCD185C0}"
EndProject
Project("{9A19103F-16F7-4668-BE54-9A1E7A4F7556}") = "PRUEBA_UPB.DATOS", "..\PRUEBA_UPB.DATOS\PRUEBA_UPB.DATOS.csproj", "{DF172789-85B2-4405-8241-3634F38BD5FC}"
EndProject
Project("{9A19103F-16F7-4668-BE54-9A1E7A4F7556}") = "PRUEBA_UPB.SERVICIOS", "..\PRUEBA_UPB.SERVICIOS\PRUEBA_UPB.SERVICIOS.csproj", "{061CB1BD-BD8C-4692-9E9D-2559D067DF00}"
EndProject
Project("{2150E333-8FDC-42A3-9474-1A3956D46DE8}") = "API", "API", "{B9AC54D6-B0A7-4E2C-A290-80BBA559E920}"
EndProject
Project("{2150E333-8FDC-42A3-9474-1A3956D46DE8}") = "COMUN", "COMUN", "{44E2F070-BF0E-4CAB-A78F-FB3958BE9577}"
EndProject
Project("{2150E333-8FDC-42A3-9474-1A3956D46DE8}") = "SERVICIOS", "SERVICIOS", "{D5B6150D-363D-4636-BE06-B146CD9E29FB}"
EndProject
Project("{2150E333-8FDC-42A3-9474-1A3956D46DE8}") = "DATOS", "DATOS", "{5A2B7E0C-7E0C-4DDB-AF66-AE58095B6264}"
EndProject
Project("{9A19103F-16F7-4668-BE54-9A1E7A4F7556}") = "PRUEBA_UPB.COMUN", "..\PRUEBA_UPB.COMUN\PRUEBA_UPB.COMUN.csproj", "{C494ACBF-F5ED-461B-AA60-675EA06D6356}"
EndProject
Global
	GlobalSection(SolutionConfigurationPlatforms) = preSolution
		Debug|Any CPU = Debug|Any CPU
		Release|Any CPU = Release|Any CPU
	EndGlobalSection
	GlobalSection(ProjectConfigurationPlatforms) = postSolution
		{3003BF8D-0617-4AD8-B355-CD0FCCD185C0}.Debug|Any CPU.ActiveCfg = Debug|Any CPU
		{3003BF8D-0617-4AD8-B355-CD0FCCD185C0}.Debug|Any CPU.Build.0 = Debug|Any CPU
		{3003BF8D-0617-4AD8-B355-CD0FCCD185C0}.Release|Any CPU.ActiveCfg = Release|Any CPU
		{3003BF8D-0617-4AD8-B355-CD0FCCD185C0}.Release|Any CPU.Build.0 = Release|Any CPU
		{DF172789-85B2-4405-8241-3634F38BD5FC}.Debug|Any CPU.ActiveCfg = Debug|Any CPU
		{DF172789-85B2-4405-8241-3634F38BD5FC}.Debug|Any CPU.Build.0 = Debug|Any CPU
		{DF172789-85B2-4405-8241-3634F38BD5FC}.Release|Any CPU.ActiveCfg = Release|Any CPU
		{DF172789-85B2-4405-8241-3634F38BD5FC}.Release|Any CPU.Build.0 = Release|Any CPU
		{061CB1BD-BD8C-4692-9E9D-2559D067DF00}.Debug|Any CPU.ActiveCfg = Debug|Any CPU
		{061CB1BD-BD8C-4692-9E9D-2559D067DF00}.Debug|Any CPU.Build.0 = Debug|Any CPU
		{061CB1BD-BD8C-4692-9E9D-2559D067DF00}.Release|Any CPU.ActiveCfg = Release|Any CPU
		{061CB1BD-BD8C-4692-9E9D-2559D067DF00}.Release|Any CPU.Build.0 = Release|Any CPU
		{C494ACBF-F5ED-461B-AA60-675EA06D6356}.Debug|Any CPU.ActiveCfg = Debug|Any CPU
		{C494ACBF-F5ED-461B-AA60-675EA06D6356}.Debug|Any CPU.Build.0 = Debug|Any CPU
		{C494ACBF-F5ED-461B-AA60-675EA06D6356}.Release|Any CPU.ActiveCfg = Release|Any CPU
		{C494ACBF-F5ED-461B-AA60-675EA06D6356}.Release|Any CPU.Build.0 = Release|Any CPU
	EndGlobalSection
	GlobalSection(SolutionProperties) = preSolution
		HideSolutionNode = FALSE
	EndGlobalSection
	GlobalSection(NestedProjects) = preSolution
		{3003BF8D-0617-4AD8-B355-CD0FCCD185C0} = {B9AC54D6-B0A7-4E2C-A290-80BBA559E920}
		{DF172789-85B2-4405-8241-3634F38BD5FC} = {5A2B7E0C-7E0C-4DDB-AF66-AE58095B6264}
		{061CB1BD-BD8C-4692-9E9D-2559D067DF00} = {D5B6150D-363D-4636-BE06-B146CD9E29FB}
		{C494ACBF-F5ED-461B-AA60-675EA06D6356} = {44E2F070-BF0E-4CAB-A78F-FB3958BE9577}
	EndGlobalSection
	GlobalSection(ExtensibilityGlobals) = postSolution
		SolutionGuid = {EF04CC9E-E351-4F68-84E9-9E5F797460DA}
	EndGlobalSection
EndGlobal
